
Microsoft Visual Studio Solution File, Format Version 12.00
# Visual Studio 2013
VisualStudioVersion = 12.0.31101.0
MinimumVisualStudioVersion = 10.0.40219.1
Project("{FAE04EC0-301F-11D3-BF4B-00C04F79EFBC}") = "Continuum.WebApi", "Continuum.WebApi\Continuum.WebApi.csproj", "{4CD9FA90-6B06-4344-9132-00DC6171FFF9}"
EndProject
Project("{2150E333-8FDC-42A3-9474-1A3956D46DE8}") = "PublishScripts", "PublishScripts", "{8EA41E14-60E5-42C6-A12E-8C4F32AA17DB}"
	ProjectSection(SolutionItems) = preProject
		PublishScripts\AzureWebsitePublishModule.psm1 = PublishScripts\AzureWebsitePublishModule.psm1
		PublishScripts\Publish-WebApplicationWebsite.ps1 = PublishScripts\Publish-WebApplicationWebsite.ps1
	EndProjectSection
EndProject
Project("{2150E333-8FDC-42A3-9474-1A3956D46DE8}") = "Configurations", "Configurations", "{F0EF03D8-338C-421F-B490-5BB8EF8D54AF}"
	ProjectSection(SolutionItems) = preProject
		PublishScripts\Configurations\ContinuumWebApi-WAWS-dev.json = PublishScripts\Configurations\ContinuumWebApi-WAWS-dev.json
	EndProjectSection
EndProject
Project("{FAE04EC0-301F-11D3-BF4B-00C04F79EFBC}") = "Continuum.Tests", "Continuum.Tests\Continuum.Tests.csproj", "{05527FC4-060B-42DC-935C-7F0603705F19}"
EndProject
Project("{FAE04EC0-301F-11D3-BF4B-00C04F79EFBC}") = "Continuum.Data", "Continuum.Data\Continuum.Data.csproj", "{7DC38092-F952-4A59-BBA6-471BF509F10B}"
EndProject
Project("{FAE04EC0-301F-11D3-BF4B-00C04F79EFBC}") = "ModelLoader", "ModelLoader\ModelLoader.csproj", "{1B3480CA-D8D9-4BF4-891C-D59515E59ABD}"
EndProject
Project("{2150E333-8FDC-42A3-9474-1A3956D46DE8}") = "Solution Items", "Solution Items", "{AAC55ECF-2202-4B62-9C11-B6C7568EF334}"
	ProjectSection(SolutionItems) = preProject
		.deployment = .deployment
		deploy.cmd = deploy.cmd
	EndProjectSection
EndProject
Global
	GlobalSection(SolutionConfigurationPlatforms) = preSolution
		Debug|Any CPU = Debug|Any CPU
		Release|Any CPU = Release|Any CPU
	EndGlobalSection
	GlobalSection(ProjectConfigurationPlatforms) = postSolution
		{4CD9FA90-6B06-4344-9132-00DC6171FFF9}.Debug|Any CPU.ActiveCfg = Debug|Any CPU
		{4CD9FA90-6B06-4344-9132-00DC6171FFF9}.Debug|Any CPU.Build.0 = Debug|Any CPU
		{4CD9FA90-6B06-4344-9132-00DC6171FFF9}.Release|Any CPU.ActiveCfg = Release|Any CPU
		{4CD9FA90-6B06-4344-9132-00DC6171FFF9}.Release|Any CPU.Build.0 = Release|Any CPU
		{05527FC4-060B-42DC-935C-7F0603705F19}.Debug|Any CPU.ActiveCfg = Debug|Any CPU
		{05527FC4-060B-42DC-935C-7F0603705F19}.Debug|Any CPU.Build.0 = Debug|Any CPU
		{05527FC4-060B-42DC-935C-7F0603705F19}.Release|Any CPU.ActiveCfg = Release|Any CPU
		{05527FC4-060B-42DC-935C-7F0603705F19}.Release|Any CPU.Build.0 = Release|Any CPU
		{7DC38092-F952-4A59-BBA6-471BF509F10B}.Debug|Any CPU.ActiveCfg = Debug|Any CPU
		{7DC38092-F952-4A59-BBA6-471BF509F10B}.Debug|Any CPU.Build.0 = Debug|Any CPU
		{7DC38092-F952-4A59-BBA6-471BF509F10B}.Release|Any CPU.ActiveCfg = Release|Any CPU
		{7DC38092-F952-4A59-BBA6-471BF509F10B}.Release|Any CPU.Build.0 = Release|Any CPU
		{1B3480CA-D8D9-4BF4-891C-D59515E59ABD}.Debug|Any CPU.ActiveCfg = Debug|Any CPU
		{1B3480CA-D8D9-4BF4-891C-D59515E59ABD}.Debug|Any CPU.Build.0 = Debug|Any CPU
		{1B3480CA-D8D9-4BF4-891C-D59515E59ABD}.Release|Any CPU.ActiveCfg = Release|Any CPU
		{1B3480CA-D8D9-4BF4-891C-D59515E59ABD}.Release|Any CPU.Build.0 = Release|Any CPU
	EndGlobalSection
	GlobalSection(SolutionProperties) = preSolution
		HideSolutionNode = FALSE
	EndGlobalSection
	GlobalSection(NestedProjects) = preSolution
		{F0EF03D8-338C-421F-B490-5BB8EF8D54AF} = {8EA41E14-60E5-42C6-A12E-8C4F32AA17DB}
	EndGlobalSection
EndGlobal
